
Microsoft Visual Studio Solution File, Format Version 12.00
# Visual Studio Version 16
VisualStudioVersion = 16.0.29326.143
MinimumVisualStudioVersion = 10.0.40219.1
Project("{FAE04EC0-301F-11D3-BF4B-00C04F79EFBC}") = "DevoirWpf", "DevoirWpf\DevoirWpf.csproj", "{FAEB3F5A-B83F-45C7-A375-6B04FC02FC8A}"
EndProject
Global
	GlobalSection(SolutionConfigurationPlatforms) = preSolution
		Debug|Any CPU = Debug|Any CPU
		Release|Any CPU = Release|Any CPU
	EndGlobalSection
	GlobalSection(ProjectConfigurationPlatforms) = postSolution
		{FAEB3F5A-B83F-45C7-A375-6B04FC02FC8A}.Debug|Any CPU.ActiveCfg = Debug|Any CPU
		{FAEB3F5A-B83F-45C7-A375-6B04FC02FC8A}.Debug|Any CPU.Build.0 = Debug|Any CPU
		{FAEB3F5A-B83F-45C7-A375-6B04FC02FC8A}.Release|Any CPU.ActiveCfg = Release|Any CPU
		{FAEB3F5A-B83F-45C7-A375-6B04FC02FC8A}.Release|Any CPU.Build.0 = Release|Any CPU
	EndGlobalSection
	GlobalSection(SolutionProperties) = preSolution
		HideSolutionNode = FALSE
	EndGlobalSection
	GlobalSection(ExtensibilityGlobals) = postSolution
		SolutionGuid = {DF913BF1-64C8-4CBE-9046-F1CA4FCD3852}
	EndGlobalSection
EndGlobal
